
Microsoft Visual Studio Solution File, Format Version 12.00
# Visual Studio 15
Project("{FAE04EC0-301F-11D3-BF4B-00C04F79EFBC}") = "com.unity.multiplayer-hlapi.Runtime", "com.unity.multiplayer-hlapi.Runtime.csproj", "{FA5CA632-7858-B348-2678-3563F1DAD317}"
EndProject
Global
	GlobalSection(SolutionConfigurationPlatforms) = preSolution
		Debug|Any CPU = Debug|Any CPU
		Release|Any CPU = Release|Any CPU
	EndGlobalSection
	GlobalSection(ProjectConfigurationPlatforms) = postSolution
		{FA5CA632-7858-B348-2678-3563F1DAD317}.Debug|Any CPU.ActiveCfg = Debug|Any CPU
		{FA5CA632-7858-B348-2678-3563F1DAD317}.Debug|Any CPU.Build.0 = Debug|Any CPU
		{FA5CA632-7858-B348-2678-3563F1DAD317}.Release|Any CPU.ActiveCfg = Release|Any CPU
		{FA5CA632-7858-B348-2678-3563F1DAD317}.Release|Any CPU.Build.0 = Release|Any CPU
	EndGlobalSection
EndGlobal
